{
  "name": "advent-of-code-ecmascript",
  "version": "0.0.0",
  "lockfileVersion": 1,
  "requires": true,
  "dependencies": {
    "argparse": {
      "version": "1.0.9",
      "resolved": "https://registry.npmjs.org/argparse/-/argparse-1.0.9.tgz",
      "integrity": "sha1-c9g7wmP4bpf4zE9rrhsOkKfSLIY=",
      "dev": true
    },
    "babel-cli": {
      "version": "6.26.0",
      "resolved": "https://registry.npmjs.org/babel-cli/-/babel-cli-6.26.0.tgz",
      "integrity": "sha1-UCq1SHTX24itALiHoGODzgPQAvE=",
      "dev": true,
      "dependencies": {
        "babel-code-frame": {
          "version": "6.26.0",
          "resolved": "https://registry.npmjs.org/babel-code-frame/-/babel-code-frame-6.26.0.tgz",
          "integrity": "sha1-Y/1D99weO7fONZR9uP42mj9Yx0s="
        },
        "babel-core": {
          "version": "6.26.0",
          "resolved": "https://registry.npmjs.org/babel-core/-/babel-core-6.26.0.tgz",
          "integrity": "sha1-rzL3izGm/O8RnIew/Y2XU/A6C7g="
        },
        "babel-generator": {
          "version": "6.26.0",
          "resolved": "https://registry.npmjs.org/babel-generator/-/babel-generator-6.26.0.tgz",
          "integrity": "sha1-rBriAHC3n248odMmlhMFN3TyDcU="
        },
        "babel-register": {
          "version": "6.26.0",
          "resolved": "https://registry.npmjs.org/babel-register/-/babel-register-6.26.0.tgz",
          "integrity": "sha1-btAhFz4vy0htestFxgCahW9kcHE=",
          "dependencies": {
            "core-js": {
              "version": "2.5.1",
              "resolved": "https://registry.npmjs.org/core-js/-/core-js-2.5.1.tgz",
              "integrity": "sha1-rmh03GaTd4m4B1T/VCjfZoGcpQs="
            }
          }
        },
        "babel-runtime": {
          "version": "6.26.0",
          "resolved": "https://registry.npmjs.org/babel-runtime/-/babel-runtime-6.26.0.tgz",
          "integrity": "sha1-llxwWGaOgrVde/4E/yM3vItWR/4="
        },
        "babel-template": {
          "version": "6.26.0",
          "resolved": "https://registry.npmjs.org/babel-template/-/babel-template-6.26.0.tgz",
          "integrity": "sha1-3gPi0WOWsGn0bdn/+FIfsaDjXgI="
        },
        "babel-traverse": {
          "version": "6.26.0",
          "resolved": "https://registry.npmjs.org/babel-traverse/-/babel-traverse-6.26.0.tgz",
          "integrity": "sha1-RqnL1+3MYsjlwGTi0tjQ9ANXZu4="
        },
        "babel-types": {
          "version": "6.26.0",
          "resolved": "https://registry.npmjs.org/babel-types/-/babel-types-6.26.0.tgz",
          "integrity": "sha1-o7Bz+Uq0nrb6Vc1lInozQ4BjJJc="
        },
        "babylon": {
          "version": "6.18.0",
          "resolved": "https://registry.npmjs.org/babylon/-/babylon-6.18.0.tgz",
          "integrity": "sha512-q/UEjfGJ2Cm3oKV71DJz9d25TPnq5rhBVL2Q4fA5wcC3jcrdn7+SssEybFIxwAvvP+YCsCYNKughoF33GxgycQ=="
        },
        "regenerator-runtime": {
          "version": "0.11.0",
          "resolved": "https://registry.npmjs.org/regenerator-runtime/-/regenerator-runtime-0.11.0.tgz",
          "integrity": "sha512-/aA0kLeRb5N9K0d4fw7ooEbI+xDe+DKD499EQqygGqeS8N3xto15p09uY2xj7ixP81sNPXvRLnAQIqdVStgb1A=="
        }
      }
    },
    "babel-code-frame": {
      "version": "6.22.0",
      "resolved": "https://registry.npmjs.org/babel-code-frame/-/babel-code-frame-6.22.0.tgz",
      "integrity": "sha1-AnYgvuVnqIwyVhV05/0IAdMxGOQ=",
      "dev": true
    },
    "babel-eslint": {
      "version": "7.2.3",
      "resolved": "https://registry.npmjs.org/babel-eslint/-/babel-eslint-7.2.3.tgz",
      "integrity": "sha1-sv4tgBJkcPXBlELcdXJTqJdxCCc=",
      "dev": true
    },
    "babel-jest": {
      "version": "20.0.3",
      "resolved": "https://registry.npmjs.org/babel-jest/-/babel-jest-20.0.3.tgz",
      "integrity": "sha1-5KA7E9wQOJ4UD8ZF0J/8TO0wFnE=",
      "dev": true
    },
    "babel-plugin-transform-builtin-extend": {
      "version": "1.1.2",
      "resolved": "https://registry.npmjs.org/babel-plugin-transform-builtin-extend/-/babel-plugin-transform-builtin-extend-1.1.2.tgz",
      "integrity": "sha1-Xpb+z1i4+h7XTvytiEdbKvPJEW4=",
      "dev": true
    },
    "babel-preset-env": {
      "version": "1.6.1",
      "resolved": "https://registry.npmjs.org/babel-preset-env/-/babel-preset-env-1.6.1.tgz",
      "integrity": "sha512-W6VIyA6Ch9ePMI7VptNn2wBM6dbG0eSz25HEiL40nQXCsXGTGZSTZu1Iap+cj3Q0S5a7T9+529l/5Bkvd+afNA==",
      "dev": true
    },
    "babel-preset-es2015": {
      "version": "6.24.1",
      "resolved": "https://registry.npmjs.org/babel-preset-es2015/-/babel-preset-es2015-6.24.1.tgz",
      "integrity": "sha1-1EBQ1rwsn+6nAqrzjXJ6AhBTiTk=",
      "dev": true
    },
    "babel-preset-stage-2": {
      "version": "6.24.1",
      "resolved": "https://registry.npmjs.org/babel-preset-stage-2/-/babel-preset-stage-2-6.24.1.tgz",
      "integrity": "sha1-2eKWD7PXEYfw5k7sYrwHdnIZvcE=",
      "dev": true
    },
    "co": {
      "version": "4.6.0",
      "resolved": "https://registry.npmjs.org/co/-/co-4.6.0.tgz",
      "integrity": "sha1-bqa989hTrlTMuOR7+gvz+QMfsYQ=",
      "dev": true
    },
    "color-convert": {
      "version": "1.9.0",
      "resolved": "https://registry.npmjs.org/color-convert/-/color-convert-1.9.0.tgz",
      "integrity": "sha1-Gsz5fdc5uYO/mU1W/sj5WFNkG3o=",
      "dev": true
    },
    "concat-stream": {
      "version": "1.6.0",
      "resolved": "https://registry.npmjs.org/concat-stream/-/concat-stream-1.6.0.tgz",
      "integrity": "sha1-CqxmL9Ur54lk1VMvaUeE5wEQrPc=",
      "dev": true
    },
    "cross-spawn": {
      "version": "5.1.0",
      "resolved": "https://registry.npmjs.org/cross-spawn/-/cross-spawn-5.1.0.tgz",
      "integrity": "sha1-6L0O/uWPz/b4+UUQoKVUu/ojVEk=",
      "dev": true
    },
    "escape-string-regexp": {
      "version": "1.0.5",
      "resolved": "https://registry.npmjs.org/escape-string-regexp/-/escape-string-regexp-1.0.5.tgz",
      "integrity": "sha1-G2HAViGQqN/2rjuyzwIAyhMLhtQ=",
      "dev": true
    },
    "eslint": {
      "version": "4.18.2",
      "resolved": "https://registry.npmjs.org/eslint/-/eslint-4.18.2.tgz",
      "integrity": "sha512-qy4i3wODqKMYfz9LUI8N2qYDkHkoieTbiHpMrYUI/WbjhXJQr7lI4VngixTgaG+yHX+NBCv7nW4hA0ShbvaNKw==",
      "dev": true,
      "requires": {
        "ajv": "^5.3.0",
        "babel-code-frame": "^6.22.0",
        "chalk": "^2.1.0",
        "concat-stream": "^1.6.0",
        "cross-spawn": "^5.1.0",
        "debug": "^3.1.0",
        "doctrine": "^2.1.0",
        "eslint-scope": "^3.7.1",
        "eslint-visitor-keys": "^1.0.0",
        "espree": "^3.5.2",
        "esquery": "^1.0.0",
        "esutils": "^2.0.2",
        "file-entry-cache": "^2.0.0",
        "functional-red-black-tree": "^1.0.1",
        "glob": "^7.1.2",
        "globals": "^11.0.1",
        "ignore": "^3.3.3",
        "imurmurhash": "^0.1.4",
        "inquirer": "^3.0.6",
        "is-resolvable": "^1.0.0",
        "js-yaml": "^3.9.1",
        "json-stable-stringify-without-jsonify": "^1.0.1",
        "levn": "^0.3.0",
        "lodash": "^4.17.4",
        "minimatch": "^3.0.2",
        "mkdirp": "^0.5.1",
        "natural-compare": "^1.4.0",
        "optionator": "^0.8.2",
        "path-is-inside": "^1.0.2",
        "pluralize": "^7.0.0",
        "progress": "^2.0.0",
        "require-uncached": "^1.0.3",
        "semver": "^5.3.0",
        "strip-ansi": "^4.0.0",
        "strip-json-comments": "~2.0.1",
        "table": "4.0.2",
        "text-table": "~0.2.0"
      },
      "dependencies": {
        "ajv": {
          "version": "5.5.2",
          "resolved": "https://registry.npmjs.org/ajv/-/ajv-5.5.2.tgz",
          "integrity": "sha1-c7Xuyj+rZT49P5Qis0GtQiBdyWU=",
          "dev": true,
          "requires": {
            "co": "^4.6.0",
            "fast-deep-equal": "^1.0.0",
            "fast-json-stable-stringify": "^2.0.0",
            "json-schema-traverse": "^0.3.0"
          }
        },
        "ansi-regex": {
          "version": "3.0.0",
          "resolved": "https://registry.npmjs.org/ansi-regex/-/ansi-regex-3.0.0.tgz",
          "integrity": "sha1-7QMXwyIGT3lGbAKWa922Bas32Zg=",
          "dev": true
        },
        "ansi-styles": {
          "version": "3.2.1",
          "resolved": "https://registry.npmjs.org/ansi-styles/-/ansi-styles-3.2.1.tgz",
          "integrity": "sha512-VT0ZI6kZRdTh8YyJw3SMbYm/u+NqfsAxEpWO0Pf9sq8/e94WxxOpPKx9FR1FlyCtOVDNOQ+8ntlqFxiRc+r5qA==",
          "dev": true,
          "requires": {
            "color-convert": "^1.9.0"
          }
        },
        "chalk": {
          "version": "2.4.2",
          "resolved": "https://registry.npmjs.org/chalk/-/chalk-2.4.2.tgz",
          "integrity": "sha512-Mti+f9lpJNcwF4tWV8/OrTTtF1gZi+f8FqlyAdouralcFWFQWF2+NgCHShjkCb+IFBLq9buZwE1xckQU4peSuQ==",
          "dev": true,
          "requires": {
            "ansi-styles": "^3.2.1",
            "escape-string-regexp": "^1.0.5",
            "supports-color": "^5.3.0"
          }
        },
        "debug": {
          "version": "3.2.6",
          "resolved": "https://registry.npmjs.org/debug/-/debug-3.2.6.tgz",
          "integrity": "sha512-mel+jf7nrtEl5Pn1Qx46zARXKDpBbvzezse7p7LqINmdoIk8PYP5SySaxEmYv6TZ0JyEKA1hsCId6DIhgITtWQ==",
          "dev": true,
          "requires": {
            "ms": "^2.1.1"
          }
        },
        "doctrine": {
          "version": "2.1.0",
          "resolved": "https://registry.npmjs.org/doctrine/-/doctrine-2.1.0.tgz",
          "integrity": "sha512-35mSku4ZXK0vfCuHEDAwt55dg2jNajHZ1odvF+8SSr82EsZY4QmXfuWso8oEd8zRhVObSN18aM0CjSdoBX7zIw==",
          "dev": true,
          "requires": {
            "esutils": "^2.0.2"
          }
        },
        "globals": {
          "version": "11.12.0",
          "resolved": "https://registry.npmjs.org/globals/-/globals-11.12.0.tgz",
          "integrity": "sha512-WOBp/EEGUiIsJSp7wcv/y6MO+lV9UoncWqxuFfm8eBwzWNgyfBd6Gz+IeKQ9jCmyhoH99g15M3T+QaVHFjizVA==",
          "dev": true
        },
        "has-flag": {
          "version": "3.0.0",
          "resolved": "https://registry.npmjs.org/has-flag/-/has-flag-3.0.0.tgz",
          "integrity": "sha1-tdRU3CGZriJWmfNGfloH87lVuv0=",
          "dev": true
        },
        "js-yaml": {
          "version": "3.13.1",
          "resolved": "https://registry.npmjs.org/js-yaml/-/js-yaml-3.13.1.tgz",
          "integrity": "sha512-YfbcO7jXDdyj0DGxYVSlSeQNHbD7XPWvrVWeVUujrQEoZzWJIRrCPoyk6kL6IAjAG2IolMK4T0hNUe0HOUs5Jw==",
          "dev": true,
          "requires": {
            "argparse": "^1.0.7",
            "esprima": "^4.0.0"
          }
        },
        "ms": {
          "version": "2.1.2",
          "resolved": "https://registry.npmjs.org/ms/-/ms-2.1.2.tgz",
          "integrity": "sha512-sGkPx+VjMtmA6MX27oA4FBFELFCZZ4S4XqeGOXCv68tT+jb3vk/RyaKWP0PTKyWtmLSM0b+adUTEvbs1PEaH2w==",
          "dev": true
        },
        "strip-ansi": {
          "version": "4.0.0",
          "resolved": "https://registry.npmjs.org/strip-ansi/-/strip-ansi-4.0.0.tgz",
          "integrity": "sha1-qEeQIusaw2iocTibY1JixQXuNo8=",
          "dev": true,
          "requires": {
            "ansi-regex": "^3.0.0"
          }
        },
        "supports-color": {
          "version": "5.5.0",
          "resolved": "https://registry.npmjs.org/supports-color/-/supports-color-5.5.0.tgz",
          "integrity": "sha512-QjVjwdXIt408MIiAqCX4oUKsgU2EqAGzs2Ppkm4aQYbjm+ZEWEcW4SfFNTr4uMNZma0ey4f5lgLrkB0aX0QMow==",
          "dev": true,
          "requires": {
            "has-flag": "^3.0.0"
          }
        }
      }
    },
    "eslint-scope": {
      "version": "3.7.1",
      "resolved": "https://registry.npmjs.org/eslint-scope/-/eslint-scope-3.7.1.tgz",
      "integrity": "sha1-PWPD7f2gLgbgGkUq2IyqzHzctug=",
      "dev": true
    },
    "eslint-visitor-keys": {
      "version": "1.1.0",
      "resolved": "https://registry.npmjs.org/eslint-visitor-keys/-/eslint-visitor-keys-1.1.0.tgz",
      "integrity": "sha512-8y9YjtM1JBJU/A9Kc+SbaOV4y29sSWckBwMHa+FGtVj5gN/sbnKDf6xJUl+8g7FAij9LVaP8C24DUiH/f/2Z9A==",
      "dev": true
    },
    "espree": {
      "version": "3.5.2",
      "resolved": "https://registry.npmjs.org/espree/-/espree-3.5.2.tgz",
      "integrity": "sha512-sadKeYwaR/aJ3stC2CdvgXu1T16TdYN+qwCpcWbMnGJ8s0zNWemzrvb2GbD4OhmJ/fwpJjudThAlLobGbWZbCQ==",
      "dev": true
    },
    "esprima": {
      "version": "4.0.0",
      "resolved": "https://registry.npmjs.org/esprima/-/esprima-4.0.0.tgz",
      "integrity": "sha1-RJnt3NERDgshi6zy+n9/WfVcqAQ=",
      "dev": true
    },
    "esquery": {
      "version": "1.0.0",
      "resolved": "https://registry.npmjs.org/esquery/-/esquery-1.0.0.tgz",
      "integrity": "sha1-z7qLV9f7qT8XKYqKAGoEzaE9gPo=",
      "dev": true
    },
    "esutils": {
      "version": "2.0.2",
      "resolved": "https://registry.npmjs.org/esutils/-/esutils-2.0.2.tgz",
      "integrity": "sha1-Cr9PHKpbyx96nYrMbepPqqBLrJs=",
      "dev": true
    },
    "fast-deep-equal": {
      "version": "1.0.0",
      "resolved": "https://registry.npmjs.org/fast-deep-equal/-/fast-deep-equal-1.0.0.tgz",
      "integrity": "sha1-liVqO8l1WV6zbYLpkp0GDYk0Of8=",
      "dev": true
    },
    "fast-json-stable-stringify": {
      "version": "2.0.0",
      "resolved": "https://registry.npmjs.org/fast-json-stable-stringify/-/fast-json-stable-stringify-2.0.0.tgz",
      "integrity": "sha1-1RQsDK7msRifh9OnYREGT4bIu/I=",
      "dev": true
    },
    "file-entry-cache": {
      "version": "2.0.0",
      "resolved": "https://registry.npmjs.org/file-entry-cache/-/file-entry-cache-2.0.0.tgz",
      "integrity": "sha1-w5KZDD5oR4PYOLjISkXYoEhFg2E=",
      "dev": true
    },
    "functional-red-black-tree": {
      "version": "1.0.1",
      "resolved": "https://registry.npmjs.org/functional-red-black-tree/-/functional-red-black-tree-1.0.1.tgz",
      "integrity": "sha1-GwqzvVU7Kg1jmdKcDj6gslIHgyc=",
      "dev": true
    },
    "glob": {
      "version": "7.1.2",
      "resolved": "https://registry.npmjs.org/glob/-/glob-7.1.2.tgz",
      "integrity": "sha1-wZyd+aAocC1nhhI4SmVSQExjbRU=",
      "dev": true
    },
    "ignore": {
      "version": "3.3.7",
      "resolved": "https://registry.npmjs.org/ignore/-/ignore-3.3.7.tgz",
      "integrity": "sha512-YGG3ejvBNHRqu0559EOxxNFihD0AjpvHlC/pdGKd3X3ofe+CoJkYazwNJYTNebqpPKN+VVQbh4ZFn1DivMNuHA==",
      "dev": true
    },
    "imurmurhash": {
      "version": "0.1.4",
      "resolved": "https://registry.npmjs.org/imurmurhash/-/imurmurhash-0.1.4.tgz",
      "integrity": "sha1-khi5srkoojixPcT7a21XbyMUU+o=",
      "dev": true
    },
    "inquirer": {
      "version": "3.3.0",
      "resolved": "https://registry.npmjs.org/inquirer/-/inquirer-3.3.0.tgz",
      "integrity": "sha512-h+xtnyk4EwKvFWHrUYsWErEVR+igKtLdchu+o0Z1RL7VU/jVMFbYir2bp6bAj8efFNxWqHX0dIss6fJQ+/+qeQ==",
      "dev": true,
      "dependencies": {
        "ansi-escapes": {
          "version": "3.0.0",
          "resolved": "https://registry.npmjs.org/ansi-escapes/-/ansi-escapes-3.0.0.tgz",
          "integrity": "sha512-O/klc27mWNUigtv0F8NJWbLF00OcegQalkqKURWdosW08YZKi4m6CnSUSvIZG1otNJbTWhN01Hhz389DW7mvDQ=="
        },
        "ansi-regex": {
          "version": "3.0.0",
          "resolved": "https://registry.npmjs.org/ansi-regex/-/ansi-regex-3.0.0.tgz",
          "integrity": "sha1-7QMXwyIGT3lGbAKWa922Bas32Zg="
        },
        "ansi-styles": {
          "version": "3.2.0",
          "resolved": "https://registry.npmjs.org/ansi-styles/-/ansi-styles-3.2.0.tgz",
          "integrity": "sha512-NnSOmMEYtVR2JVMIGTzynRkkaxtiq1xnFBcdQD/DnNCYPoEPsVJhM98BDyaoNOQIi7p4okdi3E27eN7GQbsUug=="
        },
        "chalk": {
          "version": "2.3.0",
          "resolved": "https://registry.npmjs.org/chalk/-/chalk-2.3.0.tgz",
          "integrity": "sha512-Az5zJR2CBujap2rqXGaJKaPHyJ0IrUimvYNX+ncCy8PJP4ltOGTrHUIo097ZaL2zMeKYpiCdqDvS6zdrTFok3Q=="
        },
        "has-flag": {
          "version": "2.0.0",
          "resolved": "https://registry.npmjs.org/has-flag/-/has-flag-2.0.0.tgz",
          "integrity": "sha1-6CB68cx7MNRGzHC3NLXovhj4jVE="
        },
        "is-fullwidth-code-point": {
          "version": "2.0.0",
          "resolved": "https://registry.npmjs.org/is-fullwidth-code-point/-/is-fullwidth-code-point-2.0.0.tgz",
          "integrity": "sha1-o7MKXE8ZkYMWeqq5O+764937ZU8="
        },
        "string-width": {
          "version": "2.1.1",
          "resolved": "https://registry.npmjs.org/string-width/-/string-width-2.1.1.tgz",
          "integrity": "sha512-nOqH59deCq9SRHlxq1Aw85Jnt4w6KvLKqWVik6oA9ZklXLNIOlqg4F2yrT1MVaTjAqvVwdfeZ7w7aCvJD7ugkw=="
        },
        "strip-ansi": {
          "version": "4.0.0",
          "resolved": "https://registry.npmjs.org/strip-ansi/-/strip-ansi-4.0.0.tgz",
          "integrity": "sha1-qEeQIusaw2iocTibY1JixQXuNo8="
        },
        "supports-color": {
          "version": "4.5.0",
          "resolved": "https://registry.npmjs.org/supports-color/-/supports-color-4.5.0.tgz",
          "integrity": "sha1-vnoN5ITexcXN34s9WRJQRJEvY1s="
        }
      }
    },
    "is-resolvable": {
      "version": "1.0.0",
      "resolved": "https://registry.npmjs.org/is-resolvable/-/is-resolvable-1.0.0.tgz",
      "integrity": "sha1-jfV8YeouPFAUCNEA+wE8+NbgzGI=",
      "dev": true
    },
    "jest": {
      "version": "20.0.4",
      "resolved": "https://registry.npmjs.org/jest/-/jest-20.0.4.tgz",
      "integrity": "sha1-PdJgwpidba1nix6cxNkZRPbWAqw=",
      "dev": true,
      "dependencies": {
        "callsites": {
          "version": "2.0.0",
          "resolved": "https://registry.npmjs.org/callsites/-/callsites-2.0.0.tgz",
          "integrity": "sha1-BuuE8A7qQT2oav/vrL/7Ngk7PFA="
        },
        "jest-cli": {
          "version": "20.0.4",
          "resolved": "https://registry.npmjs.org/jest-cli/-/jest-cli-20.0.4.tgz",
          "integrity": "sha1-5TKxnYiuW8bEF+iwWTpv6VSx3JM="
        }
      }
    },
    "jest-environment-node-debug": {
      "version": "2.0.0",
      "resolved": "https://registry.npmjs.org/jest-environment-node-debug/-/jest-environment-node-debug-2.0.0.tgz",
      "integrity": "sha1-XvCYlC/sG2r17khB9Pii/0GVYvk=",
      "dev": true
    },
    "js-combinatorics": {
      "version": "0.5.2",
      "resolved": "https://registry.npmjs.org/js-combinatorics/-/js-combinatorics-0.5.2.tgz",
      "integrity": "sha1-8GB0kjLqG3cAdv+XrtbPqatBuPQ="
    },
    "json-schema-traverse": {
      "version": "0.3.1",
      "resolved": "https://registry.npmjs.org/json-schema-traverse/-/json-schema-traverse-0.3.1.tgz",
      "integrity": "sha1-NJptRMU6Ud6JtAgFxdXlm0F9M0A=",
      "dev": true
    },
    "json-stable-stringify-without-jsonify": {
      "version": "1.0.1",
      "resolved": "https://registry.npmjs.org/json-stable-stringify-without-jsonify/-/json-stable-stringify-without-jsonify-1.0.1.tgz",
      "integrity": "sha1-nbe1lJatPzz+8wp1FC0tkwrXJlE=",
      "dev": true
    },
    "levn": {
      "version": "0.3.0",
      "resolved": "https://registry.npmjs.org/levn/-/levn-0.3.0.tgz",
      "integrity": "sha1-OwmSTt+fCDwEkP3UwLxEIeBHZO4=",
      "dev": true
    },
    "lodash": {
      "version": "4.17.4",
      "resolved": "https://registry.npmjs.org/lodash/-/lodash-4.17.4.tgz",
      "integrity": "sha1-eCA6TRwyiuHYbcpkYONptX9AVa4="
    },
    "mathjs": {
      "version": "3.17.0",
      "resolved": "https://registry.npmjs.org/mathjs/-/mathjs-3.17.0.tgz",
      "integrity": "sha512-bFDSjjLV3+csekog1L6z3FjZ0uSkRPFcMlbLef8KXxq68jtQQ48W2f+JKJugM9y6KxJEtt1zWFIGQnYKWR0nxg=="
    },
    "minimatch": {
      "version": "3.0.4",
      "resolved": "https://registry.npmjs.org/minimatch/-/minimatch-3.0.4.tgz",
      "integrity": "sha1-UWbihkV/AzBgZL5Ul+jbsMPTIIM=",
      "dev": true
    },
    "mkdirp": {
      "version": "0.5.1",
      "resolved": "https://registry.npmjs.org/mkdirp/-/mkdirp-0.5.1.tgz",
      "integrity": "sha1-MAV0OOrGz3+MR2fzhkjWaX11yQM=",
      "dev": true
    },
    "natural-compare": {
      "version": "1.4.0",
      "resolved": "https://registry.npmjs.org/natural-compare/-/natural-compare-1.4.0.tgz",
      "integrity": "sha1-Sr6/7tdUHywnrPspvbvRXI1bpPc=",
      "dev": true
    },
    "optionator": {
      "version": "0.8.2",
      "resolved": "https://registry.npmjs.org/optionator/-/optionator-0.8.2.tgz",
      "integrity": "sha1-NkxeQJ0/TWMB1sC0wFu6UBgK62Q=",
      "dev": true
    },
    "path-is-inside": {
      "version": "1.0.2",
      "resolved": "https://registry.npmjs.org/path-is-inside/-/path-is-inside-1.0.2.tgz",
      "integrity": "sha1-NlQX3t5EQw0cEa9hAn+s8HS9/FM=",
      "dev": true
    },
    "pluralize": {
      "version": "7.0.0",
      "resolved": "https://registry.npmjs.org/pluralize/-/pluralize-7.0.0.tgz",
      "integrity": "sha512-ARhBOdzS3e41FbkW/XWrTEtukqqLoK5+Z/4UeDaLuSW+39JPeFgs4gCGqsrJHVZX0fUrx//4OF0K1CUGwlIFow==",
      "dev": true
    },
    "progress": {
      "version": "2.0.0",
      "resolved": "https://registry.npmjs.org/progress/-/progress-2.0.0.tgz",
      "integrity": "sha1-ihvjZr+Pwj2yvSPxDG/pILQ4nR8=",
      "dev": true
    },
    "require-uncached": {
      "version": "1.0.3",
      "resolved": "https://registry.npmjs.org/require-uncached/-/require-uncached-1.0.3.tgz",
      "integrity": "sha1-Tg1W1slmL9MeQwEcS5WqSZVUIdM=",
      "dev": true
    },
    "semver": {
      "version": "5.3.0",
      "resolved": "https://registry.npmjs.org/semver/-/semver-5.3.0.tgz",
      "integrity": "sha1-myzl094C0XxgEq0yaqa00M9U+U8=",
      "dev": true
    },
    "strip-json-comments": {
      "version": "2.0.1",
      "resolved": "https://registry.npmjs.org/strip-json-comments/-/strip-json-comments-2.0.1.tgz",
      "integrity": "sha1-PFMZQukIwml8DsNEhYwobHygpgo=",
      "dev": true
    },
    "table": {
      "version": "4.0.2",
      "resolved": "https://registry.npmjs.org/table/-/table-4.0.2.tgz",
      "integrity": "sha512-UUkEAPdSGxtRpiV9ozJ5cMTtYiqz7Ni1OGqLXRCynrvzdtR1p+cfOWe2RJLwvUG8hNanaSRjecIqwOjqeatDsA==",
      "dev": true,
      "dependencies": {
        "ajv": {
          "version": "5.5.0",
          "resolved": "https://registry.npmjs.org/ajv/-/ajv-5.5.0.tgz",
          "integrity": "sha1-6yhAdG6dxIvV4GOjbj/UAMXqtak="
        },
        "ansi-regex": {
          "version": "3.0.0",
          "resolved": "https://registry.npmjs.org/ansi-regex/-/ansi-regex-3.0.0.tgz",
          "integrity": "sha1-7QMXwyIGT3lGbAKWa922Bas32Zg="
        },
        "ansi-styles": {
          "version": "3.2.0",
          "resolved": "https://registry.npmjs.org/ansi-styles/-/ansi-styles-3.2.0.tgz",
          "integrity": "sha512-NnSOmMEYtVR2JVMIGTzynRkkaxtiq1xnFBcdQD/DnNCYPoEPsVJhM98BDyaoNOQIi7p4okdi3E27eN7GQbsUug=="
        },
        "chalk": {
          "version": "2.3.0",
          "resolved": "https://registry.npmjs.org/chalk/-/chalk-2.3.0.tgz",
          "integrity": "sha512-Az5zJR2CBujap2rqXGaJKaPHyJ0IrUimvYNX+ncCy8PJP4ltOGTrHUIo097ZaL2zMeKYpiCdqDvS6zdrTFok3Q=="
        },
        "has-flag": {
          "version": "2.0.0",
          "resolved": "https://registry.npmjs.org/has-flag/-/has-flag-2.0.0.tgz",
          "integrity": "sha1-6CB68cx7MNRGzHC3NLXovhj4jVE="
        },
        "is-fullwidth-code-point": {
          "version": "2.0.0",
          "resolved": "https://registry.npmjs.org/is-fullwidth-code-point/-/is-fullwidth-code-point-2.0.0.tgz",
          "integrity": "sha1-o7MKXE8ZkYMWeqq5O+764937ZU8="
        },
        "string-width": {
          "version": "2.1.1",
          "resolved": "https://registry.npmjs.org/string-width/-/string-width-2.1.1.tgz",
          "integrity": "sha512-nOqH59deCq9SRHlxq1Aw85Jnt4w6KvLKqWVik6oA9ZklXLNIOlqg4F2yrT1MVaTjAqvVwdfeZ7w7aCvJD7ugkw=="
        },
        "strip-ansi": {
          "version": "4.0.0",
          "resolved": "https://registry.npmjs.org/strip-ansi/-/strip-ansi-4.0.0.tgz",
          "integrity": "sha1-qEeQIusaw2iocTibY1JixQXuNo8="
        },
        "supports-color": {
          "version": "4.5.0",
          "resolved": "https://registry.npmjs.org/supports-color/-/supports-color-4.5.0.tgz",
          "integrity": "sha1-vnoN5ITexcXN34s9WRJQRJEvY1s="
        }
      }
    },
    "text-table": {
      "version": "0.2.0",
      "resolved": "https://registry.npmjs.org/text-table/-/text-table-0.2.0.tgz",
      "integrity": "sha1-f17oI66AUgfACvLfSoTsP8+lcLQ=",
      "dev": true
    }
  }
}
